
Microsoft Visual Studio Solution File, Format Version 12.00
# Visual Studio Version 17
VisualStudioVersion = 17.7.34221.43
MinimumVisualStudioVersion = 10.0.40219.1
Project("{FAE04EC0-301F-11D3-BF4B-00C04F79EFBC}") = "tek-cıft-1575", "tek-cıft-1575\tek-cıft-1575.csproj", "{3F32D5BE-6809-4872-BB95-BD1F05674D22}"
EndProject
Global
	GlobalSection(SolutionConfigurationPlatforms) = preSolution
		Debug|Any CPU = Debug|Any CPU
		Release|Any CPU = Release|Any CPU
	EndGlobalSection
	GlobalSection(ProjectConfigurationPlatforms) = postSolution
		{3F32D5BE-6809-4872-BB95-BD1F05674D22}.Debug|Any CPU.ActiveCfg = Debug|Any CPU
		{3F32D5BE-6809-4872-BB95-BD1F05674D22}.Debug|Any CPU.Build.0 = Debug|Any CPU
		{3F32D5BE-6809-4872-BB95-BD1F05674D22}.Release|Any CPU.ActiveCfg = Release|Any CPU
		{3F32D5BE-6809-4872-BB95-BD1F05674D22}.Release|Any CPU.Build.0 = Release|Any CPU
	EndGlobalSection
	GlobalSection(SolutionProperties) = preSolution
		HideSolutionNode = FALSE
	EndGlobalSection
	GlobalSection(ExtensibilityGlobals) = postSolution
		SolutionGuid = {B293EB54-01A0-4DA8-88C5-7BF238543CFE}
	EndGlobalSection
EndGlobal
